
Microsoft Visual Studio Solution File, Format Version 12.00
# Visual Studio Version 17
VisualStudioVersion = 17.9.34728.123
MinimumVisualStudioVersion = 10.0.40219.1
Project("{FAE04EC0-301F-11D3-BF4B-00C04F79EFBC}") = "CRUD", "CRUD\CRUD.csproj", "{DE61AB94-0474-41A4-8A27-518BF0694373}"
EndProject
Global
	GlobalSection(SolutionConfigurationPlatforms) = preSolution
		Debug|Any CPU = Debug|Any CPU
		Release|Any CPU = Release|Any CPU
	EndGlobalSection
	GlobalSection(ProjectConfigurationPlatforms) = postSolution
		{DE61AB94-0474-41A4-8A27-518BF0694373}.Debug|Any CPU.ActiveCfg = Debug|Any CPU
		{DE61AB94-0474-41A4-8A27-518BF0694373}.Debug|Any CPU.Build.0 = Debug|Any CPU
		{DE61AB94-0474-41A4-8A27-518BF0694373}.Release|Any CPU.ActiveCfg = Release|Any CPU
		{DE61AB94-0474-41A4-8A27-518BF0694373}.Release|Any CPU.Build.0 = Release|Any CPU
	EndGlobalSection
	GlobalSection(SolutionProperties) = preSolution
		HideSolutionNode = FALSE
	EndGlobalSection
	GlobalSection(ExtensibilityGlobals) = postSolution
		SolutionGuid = {3635A2EB-13D8-47A4-805B-4BCACE121A53}
	EndGlobalSection
EndGlobal
